
Microsoft Visual Studio Solution File, Format Version 12.00
# Visual Studio 15
VisualStudioVersion = 15.0.28307.168
MinimumVisualStudioVersion = 10.0.40219.1
Project("{FAE04EC0-301F-11D3-BF4B-00C04F79EFBC}") = "MyMod", "MyMod\MyMod.csproj", "{781EBE54-1F94-4806-B0FE-7427FB79118C}"
EndProject
Global
	GlobalSection(SolutionConfigurationPlatforms) = preSolution
		Debug|Any CPU = Debug|Any CPU
		Release|Any CPU = Release|Any CPU
	EndGlobalSection
	GlobalSection(ProjectConfigurationPlatforms) = postSolution
		{781EBE54-1F94-4806-B0FE-7427FB79118C}.Debug|Any CPU.ActiveCfg = Debug|Any CPU
		{781EBE54-1F94-4806-B0FE-7427FB79118C}.Debug|Any CPU.Build.0 = Debug|Any CPU
		{781EBE54-1F94-4806-B0FE-7427FB79118C}.Release|Any CPU.ActiveCfg = Release|Any CPU
		{781EBE54-1F94-4806-B0FE-7427FB79118C}.Release|Any CPU.Build.0 = Release|Any CPU
	EndGlobalSection
	GlobalSection(SolutionProperties) = preSolution
		HideSolutionNode = FALSE
	EndGlobalSection
	GlobalSection(ExtensibilityGlobals) = postSolution
		SolutionGuid = {3BA3198F-8B21-4BB4-B173-45A97C04AD27}
	EndGlobalSection
EndGlobal
